
Microsoft Visual Studio Solution File, Format Version 12.00
# Visual Studio Version 17
VisualStudioVersion = 17.4.33122.133
MinimumVisualStudioVersion = 10.0.40219.1
Project("{FAE04EC0-301F-11D3-BF4B-00C04F79EFBC}") = "PFD_Editor", "PFD_Editor\PFD_Editor.csproj", "{2C6297FA-C1C5-4B1E-9C07-D6C9EA33494E}"
EndProject
Global
	GlobalSection(SolutionConfigurationPlatforms) = preSolution
		Debug|Any CPU = Debug|Any CPU
		Release|Any CPU = Release|Any CPU
	EndGlobalSection
	GlobalSection(ProjectConfigurationPlatforms) = postSolution
		{2C6297FA-C1C5-4B1E-9C07-D6C9EA33494E}.Debug|Any CPU.ActiveCfg = Debug|Any CPU
		{2C6297FA-C1C5-4B1E-9C07-D6C9EA33494E}.Debug|Any CPU.Build.0 = Debug|Any CPU
		{2C6297FA-C1C5-4B1E-9C07-D6C9EA33494E}.Release|Any CPU.ActiveCfg = Release|Any CPU
		{2C6297FA-C1C5-4B1E-9C07-D6C9EA33494E}.Release|Any CPU.Build.0 = Release|Any CPU
	EndGlobalSection
	GlobalSection(SolutionProperties) = preSolution
		HideSolutionNode = FALSE
	EndGlobalSection
	GlobalSection(ExtensibilityGlobals) = postSolution
		SolutionGuid = {980EAD83-3EBD-424E-90C8-21C84BF532DD}
	EndGlobalSection
EndGlobal
